
Microsoft Visual Studio Solution File, Format Version 12.00
# Visual Studio Version 17
VisualStudioVersion = 17.8.34322.80
MinimumVisualStudioVersion = 10.0.40219.1
Project("{2150E333-8FDC-42A3-9474-1A3956D46DE8}") = "Services", "Services", "{CAE12091-D1EB-466F-9D8C-B402B8269200}"
EndProject
Project("{2150E333-8FDC-42A3-9474-1A3956D46DE8}") = "Catalog", "Catalog", "{18F98446-4B60-4A13-9E6F-1EF1724EBF95}"
EndProject
Project("{9A19103F-16F7-4668-BE54-9A1E7A4F7556}") = "Catalog.Api", "Services\Catalog\Catalog.Api\Catalog.Api.csproj", "{D0CDF1CC-A6E9-495D-A68D-32644C38635C}"
EndProject
Project("{9A19103F-16F7-4668-BE54-9A1E7A4F7556}") = "Catalog.Infrastructure", "Services\Catalog\Catalog.Infrastructure\Catalog.Infrastructure.csproj", "{64EAB74C-3F33-437E-B89C-7298266EA15C}"
EndProject
Project("{9A19103F-16F7-4668-BE54-9A1E7A4F7556}") = "Catalog.Application", "Services\Catalog\Catalog.Application\Catalog.Application.csproj", "{7A754856-B37B-42A5-9EA2-A24D3EFE067D}"
EndProject
Project("{9A19103F-16F7-4668-BE54-9A1E7A4F7556}") = "Catalog.Core", "Services\Catalog\Catalog.Core\Catalog.Core.csproj", "{FB9FD21E-60E2-46CA-8CB5-C10FA2A25E4F}"
EndProject
Project("{E53339B2-1760-4266-BCC7-CA923CBCF16C}") = "docker-compose", "docker-compose.dcproj", "{6A0D15DE-7373-424C-AD1E-2A367BDEAFF6}"
EndProject
Project("{2150E333-8FDC-42A3-9474-1A3956D46DE8}") = "Basket", "Basket", "{5BBCB345-DB46-40F9-AD90-8A7A1D158912}"
EndProject
Project("{9A19103F-16F7-4668-BE54-9A1E7A4F7556}") = "Basket.Core", "Services\Basket\Basket.Core\Basket.Core.csproj", "{46FA9218-B19F-4B9C-8FBE-8624AC6F3C54}"
EndProject
Project("{9A19103F-16F7-4668-BE54-9A1E7A4F7556}") = "Basket.Infrastructure", "Services\Basket\Basket.Infrastructure\Basket.Infrastructure.csproj", "{E2DABBD9-53BC-4339-85C2-29A145ECE14C}"
EndProject
Project("{9A19103F-16F7-4668-BE54-9A1E7A4F7556}") = "Basket.Application", "Services\Basket\Basket.Application\Basket.Application.csproj", "{1A4CB6C0-3C8A-4F18-9071-77D50DDF003D}"
EndProject
Project("{9A19103F-16F7-4668-BE54-9A1E7A4F7556}") = "Basket.Api", "Services\Basket\Basket.Api\Basket.Api.csproj", "{7C1F29AC-D7F6-402C-8A42-F01F4583F832}"
EndProject
Project("{2150E333-8FDC-42A3-9474-1A3956D46DE8}") = "Discount", "Discount", "{6B4925EF-065B-4B8F-854D-81CE1652BA98}"
EndProject
Project("{9A19103F-16F7-4668-BE54-9A1E7A4F7556}") = "Discount.Api", "Services\Discount\Discount.Api\Discount.Api.csproj", "{5DF38B3B-5F02-46FC-AC16-E11FC1B5CA63}"
EndProject
Project("{9A19103F-16F7-4668-BE54-9A1E7A4F7556}") = "Discount.Core", "Services\Discount\Discount.Core\Discount.Core.csproj", "{C38B35DC-C065-42C9-B332-BB8E1C5F740D}"
EndProject
Project("{9A19103F-16F7-4668-BE54-9A1E7A4F7556}") = "Discount.Infrastructure", "Services\Discount\Discount.Infrastructure\Discount.Infrastructure.csproj", "{D733EA87-A72C-40FF-B31B-4211BAB74AB6}"
EndProject
Project("{9A19103F-16F7-4668-BE54-9A1E7A4F7556}") = "Discount.Application", "Services\Discount\Discount.Application\Discount.Application.csproj", "{043A5E88-4E5E-4040-A76C-4422AF9BA8EC}"
EndProject
Project("{9A19103F-16F7-4668-BE54-9A1E7A4F7556}") = "Discount.Shared", "Services\Discount\Discount.Shared\Discount.Shared.csproj", "{A95D87DC-440D-4C69-9912-2A1D411CF62F}"
EndProject
Project("{2150E333-8FDC-42A3-9474-1A3956D46DE8}") = "Ordering", "Ordering", "{C097537B-2A56-4766-A2AE-212381F5C356}"
EndProject
Project("{9A19103F-16F7-4668-BE54-9A1E7A4F7556}") = "Ordering.Api", "Services\Ordering\Ordering.Api\Ordering.Api.csproj", "{12F77A62-762E-435F-AA50-1DE81D66E505}"
EndProject
Project("{9A19103F-16F7-4668-BE54-9A1E7A4F7556}") = "Ordering.Infrastructure", "Services\Ordering\Ordering.Infrastructure\Ordering.Infrastructure.csproj", "{010496F5-1996-4312-A98D-0C7A7BCC8F9D}"
EndProject
Project("{9A19103F-16F7-4668-BE54-9A1E7A4F7556}") = "Ordering.Core", "Services\Ordering\Ordering.Core\Ordering.Core.csproj", "{B2332CCF-EFC7-4B3F-8FA6-41F50DF353E1}"
EndProject
Project("{9A19103F-16F7-4668-BE54-9A1E7A4F7556}") = "Ordering.Application", "Services\Ordering\Ordering.Application\Ordering.Application.csproj", "{5FAAAF41-98C3-4826-8298-D80BFB6A9476}"
EndProject
Project("{2150E333-8FDC-42A3-9474-1A3956D46DE8}") = "Infrastructre", "Infrastructre", "{45E537C9-D0FC-402E-A5E2-0FA69FB305FC}"
EndProject
Project("{9A19103F-16F7-4668-BE54-9A1E7A4F7556}") = "EventBus.Messages", "Infrastructure\EventBus.Messages\EventBus.Messages.csproj", "{E507F77E-0351-41B5-B3EC-C7B49292F975}"
EndProject
Project("{2150E333-8FDC-42A3-9474-1A3956D46DE8}") = "ApiGateways", "ApiGateways", "{D8293F1C-3BC2-4CC9-A3D6-0CA3A4680B73}"
EndProject
Project("{FAE04EC0-301F-11D3-BF4B-00C04F79EFBC}") = "Ocelot.Api", "ApiGateways\Ocelot.Api\Ocelot.Api.csproj", "{EBF3F80D-D5FC-44D5-A7D1-B3322C3F0CB1}"
EndProject
Global
	GlobalSection(SolutionConfigurationPlatforms) = preSolution
		Debug|Any CPU = Debug|Any CPU
		Release|Any CPU = Release|Any CPU
	EndGlobalSection
	GlobalSection(ProjectConfigurationPlatforms) = postSolution
		{D0CDF1CC-A6E9-495D-A68D-32644C38635C}.Debug|Any CPU.ActiveCfg = Debug|Any CPU
		{D0CDF1CC-A6E9-495D-A68D-32644C38635C}.Debug|Any CPU.Build.0 = Debug|Any CPU
		{D0CDF1CC-A6E9-495D-A68D-32644C38635C}.Release|Any CPU.ActiveCfg = Release|Any CPU
		{D0CDF1CC-A6E9-495D-A68D-32644C38635C}.Release|Any CPU.Build.0 = Release|Any CPU
		{64EAB74C-3F33-437E-B89C-7298266EA15C}.Debug|Any CPU.ActiveCfg = Debug|Any CPU
		{64EAB74C-3F33-437E-B89C-7298266EA15C}.Debug|Any CPU.Build.0 = Debug|Any CPU
		{64EAB74C-3F33-437E-B89C-7298266EA15C}.Release|Any CPU.ActiveCfg = Release|Any CPU
		{64EAB74C-3F33-437E-B89C-7298266EA15C}.Release|Any CPU.Build.0 = Release|Any CPU
		{7A754856-B37B-42A5-9EA2-A24D3EFE067D}.Debug|Any CPU.ActiveCfg = Debug|Any CPU
		{7A754856-B37B-42A5-9EA2-A24D3EFE067D}.Debug|Any CPU.Build.0 = Debug|Any CPU
		{7A754856-B37B-42A5-9EA2-A24D3EFE067D}.Release|Any CPU.ActiveCfg = Release|Any CPU
		{7A754856-B37B-42A5-9EA2-A24D3EFE067D}.Release|Any CPU.Build.0 = Release|Any CPU
		{FB9FD21E-60E2-46CA-8CB5-C10FA2A25E4F}.Debug|Any CPU.ActiveCfg = Debug|Any CPU
		{FB9FD21E-60E2-46CA-8CB5-C10FA2A25E4F}.Debug|Any CPU.Build.0 = Debug|Any CPU
		{FB9FD21E-60E2-46CA-8CB5-C10FA2A25E4F}.Release|Any CPU.ActiveCfg = Release|Any CPU
		{FB9FD21E-60E2-46CA-8CB5-C10FA2A25E4F}.Release|Any CPU.Build.0 = Release|Any CPU
		{6A0D15DE-7373-424C-AD1E-2A367BDEAFF6}.Debug|Any CPU.ActiveCfg = Debug|Any CPU
		{6A0D15DE-7373-424C-AD1E-2A367BDEAFF6}.Debug|Any CPU.Build.0 = Debug|Any CPU
		{6A0D15DE-7373-424C-AD1E-2A367BDEAFF6}.Release|Any CPU.ActiveCfg = Release|Any CPU
		{6A0D15DE-7373-424C-AD1E-2A367BDEAFF6}.Release|Any CPU.Build.0 = Release|Any CPU
		{46FA9218-B19F-4B9C-8FBE-8624AC6F3C54}.Debug|Any CPU.ActiveCfg = Debug|Any CPU
		{46FA9218-B19F-4B9C-8FBE-8624AC6F3C54}.Debug|Any CPU.Build.0 = Debug|Any CPU
		{46FA9218-B19F-4B9C-8FBE-8624AC6F3C54}.Release|Any CPU.ActiveCfg = Release|Any CPU
		{46FA9218-B19F-4B9C-8FBE-8624AC6F3C54}.Release|Any CPU.Build.0 = Release|Any CPU
		{E2DABBD9-53BC-4339-85C2-29A145ECE14C}.Debug|Any CPU.ActiveCfg = Debug|Any CPU
		{E2DABBD9-53BC-4339-85C2-29A145ECE14C}.Debug|Any CPU.Build.0 = Debug|Any CPU
		{E2DABBD9-53BC-4339-85C2-29A145ECE14C}.Release|Any CPU.ActiveCfg = Release|Any CPU
		{E2DABBD9-53BC-4339-85C2-29A145ECE14C}.Release|Any CPU.Build.0 = Release|Any CPU
		{1A4CB6C0-3C8A-4F18-9071-77D50DDF003D}.Debug|Any CPU.ActiveCfg = Debug|Any CPU
		{1A4CB6C0-3C8A-4F18-9071-77D50DDF003D}.Debug|Any CPU.Build.0 = Debug|Any CPU
		{1A4CB6C0-3C8A-4F18-9071-77D50DDF003D}.Release|Any CPU.ActiveCfg = Release|Any CPU
		{1A4CB6C0-3C8A-4F18-9071-77D50DDF003D}.Release|Any CPU.Build.0 = Release|Any CPU
		{7C1F29AC-D7F6-402C-8A42-F01F4583F832}.Debug|Any CPU.ActiveCfg = Debug|Any CPU
		{7C1F29AC-D7F6-402C-8A42-F01F4583F832}.Debug|Any CPU.Build.0 = Debug|Any CPU
		{7C1F29AC-D7F6-402C-8A42-F01F4583F832}.Release|Any CPU.ActiveCfg = Release|Any CPU
		{7C1F29AC-D7F6-402C-8A42-F01F4583F832}.Release|Any CPU.Build.0 = Release|Any CPU
		{5DF38B3B-5F02-46FC-AC16-E11FC1B5CA63}.Debug|Any CPU.ActiveCfg = Debug|Any CPU
		{5DF38B3B-5F02-46FC-AC16-E11FC1B5CA63}.Debug|Any CPU.Build.0 = Debug|Any CPU
		{5DF38B3B-5F02-46FC-AC16-E11FC1B5CA63}.Release|Any CPU.ActiveCfg = Release|Any CPU
		{5DF38B3B-5F02-46FC-AC16-E11FC1B5CA63}.Release|Any CPU.Build.0 = Release|Any CPU
		{C38B35DC-C065-42C9-B332-BB8E1C5F740D}.Debug|Any CPU.ActiveCfg = Debug|Any CPU
		{C38B35DC-C065-42C9-B332-BB8E1C5F740D}.Debug|Any CPU.Build.0 = Debug|Any CPU
		{C38B35DC-C065-42C9-B332-BB8E1C5F740D}.Release|Any CPU.ActiveCfg = Release|Any CPU
		{C38B35DC-C065-42C9-B332-BB8E1C5F740D}.Release|Any CPU.Build.0 = Release|Any CPU
		{D733EA87-A72C-40FF-B31B-4211BAB74AB6}.Debug|Any CPU.ActiveCfg = Debug|Any CPU
		{D733EA87-A72C-40FF-B31B-4211BAB74AB6}.Debug|Any CPU.Build.0 = Debug|Any CPU
		{D733EA87-A72C-40FF-B31B-4211BAB74AB6}.Release|Any CPU.ActiveCfg = Release|Any CPU
		{D733EA87-A72C-40FF-B31B-4211BAB74AB6}.Release|Any CPU.Build.0 = Release|Any CPU
		{043A5E88-4E5E-4040-A76C-4422AF9BA8EC}.Debug|Any CPU.ActiveCfg = Debug|Any CPU
		{043A5E88-4E5E-4040-A76C-4422AF9BA8EC}.Debug|Any CPU.Build.0 = Debug|Any CPU
		{043A5E88-4E5E-4040-A76C-4422AF9BA8EC}.Release|Any CPU.ActiveCfg = Release|Any CPU
		{043A5E88-4E5E-4040-A76C-4422AF9BA8EC}.Release|Any CPU.Build.0 = Release|Any CPU
		{A95D87DC-440D-4C69-9912-2A1D411CF62F}.Debug|Any CPU.ActiveCfg = Debug|Any CPU
		{A95D87DC-440D-4C69-9912-2A1D411CF62F}.Debug|Any CPU.Build.0 = Debug|Any CPU
		{A95D87DC-440D-4C69-9912-2A1D411CF62F}.Release|Any CPU.ActiveCfg = Release|Any CPU
		{A95D87DC-440D-4C69-9912-2A1D411CF62F}.Release|Any CPU.Build.0 = Release|Any CPU
		{12F77A62-762E-435F-AA50-1DE81D66E505}.Debug|Any CPU.ActiveCfg = Debug|Any CPU
		{12F77A62-762E-435F-AA50-1DE81D66E505}.Debug|Any CPU.Build.0 = Debug|Any CPU
		{12F77A62-762E-435F-AA50-1DE81D66E505}.Release|Any CPU.ActiveCfg = Release|Any CPU
		{12F77A62-762E-435F-AA50-1DE81D66E505}.Release|Any CPU.Build.0 = Release|Any CPU
		{010496F5-1996-4312-A98D-0C7A7BCC8F9D}.Debug|Any CPU.ActiveCfg = Debug|Any CPU
		{010496F5-1996-4312-A98D-0C7A7BCC8F9D}.Debug|Any CPU.Build.0 = Debug|Any CPU
		{010496F5-1996-4312-A98D-0C7A7BCC8F9D}.Release|Any CPU.ActiveCfg = Release|Any CPU
		{010496F5-1996-4312-A98D-0C7A7BCC8F9D}.Release|Any CPU.Build.0 = Release|Any CPU
		{B2332CCF-EFC7-4B3F-8FA6-41F50DF353E1}.Debug|Any CPU.ActiveCfg = Debug|Any CPU
		{B2332CCF-EFC7-4B3F-8FA6-41F50DF353E1}.Debug|Any CPU.Build.0 = Debug|Any CPU
		{B2332CCF-EFC7-4B3F-8FA6-41F50DF353E1}.Release|Any CPU.ActiveCfg = Release|Any CPU
		{B2332CCF-EFC7-4B3F-8FA6-41F50DF353E1}.Release|Any CPU.Build.0 = Release|Any CPU
		{5FAAAF41-98C3-4826-8298-D80BFB6A9476}.Debug|Any CPU.ActiveCfg = Debug|Any CPU
		{5FAAAF41-98C3-4826-8298-D80BFB6A9476}.Debug|Any CPU.Build.0 = Debug|Any CPU
		{5FAAAF41-98C3-4826-8298-D80BFB6A9476}.Release|Any CPU.ActiveCfg = Release|Any CPU
		{5FAAAF41-98C3-4826-8298-D80BFB6A9476}.Release|Any CPU.Build.0 = Release|Any CPU
		{E507F77E-0351-41B5-B3EC-C7B49292F975}.Debug|Any CPU.ActiveCfg = Debug|Any CPU
		{E507F77E-0351-41B5-B3EC-C7B49292F975}.Debug|Any CPU.Build.0 = Debug|Any CPU
		{E507F77E-0351-41B5-B3EC-C7B49292F975}.Release|Any CPU.ActiveCfg = Release|Any CPU
		{E507F77E-0351-41B5-B3EC-C7B49292F975}.Release|Any CPU.Build.0 = Release|Any CPU
		{EBF3F80D-D5FC-44D5-A7D1-B3322C3F0CB1}.Debug|Any CPU.ActiveCfg = Debug|Any CPU
		{EBF3F80D-D5FC-44D5-A7D1-B3322C3F0CB1}.Debug|Any CPU.Build.0 = Debug|Any CPU
		{EBF3F80D-D5FC-44D5-A7D1-B3322C3F0CB1}.Release|Any CPU.ActiveCfg = Release|Any CPU
		{EBF3F80D-D5FC-44D5-A7D1-B3322C3F0CB1}.Release|Any CPU.Build.0 = Release|Any CPU
	EndGlobalSection
	GlobalSection(SolutionProperties) = preSolution
		HideSolutionNode = FALSE
	EndGlobalSection
	GlobalSection(NestedProjects) = preSolution
		{18F98446-4B60-4A13-9E6F-1EF1724EBF95} = {CAE12091-D1EB-466F-9D8C-B402B8269200}
		{D0CDF1CC-A6E9-495D-A68D-32644C38635C} = {18F98446-4B60-4A13-9E6F-1EF1724EBF95}
		{64EAB74C-3F33-437E-B89C-7298266EA15C} = {18F98446-4B60-4A13-9E6F-1EF1724EBF95}
		{7A754856-B37B-42A5-9EA2-A24D3EFE067D} = {18F98446-4B60-4A13-9E6F-1EF1724EBF95}
		{FB9FD21E-60E2-46CA-8CB5-C10FA2A25E4F} = {18F98446-4B60-4A13-9E6F-1EF1724EBF95}
		{5BBCB345-DB46-40F9-AD90-8A7A1D158912} = {CAE12091-D1EB-466F-9D8C-B402B8269200}
		{46FA9218-B19F-4B9C-8FBE-8624AC6F3C54} = {5BBCB345-DB46-40F9-AD90-8A7A1D158912}
		{E2DABBD9-53BC-4339-85C2-29A145ECE14C} = {5BBCB345-DB46-40F9-AD90-8A7A1D158912}
		{1A4CB6C0-3C8A-4F18-9071-77D50DDF003D} = {5BBCB345-DB46-40F9-AD90-8A7A1D158912}
		{7C1F29AC-D7F6-402C-8A42-F01F4583F832} = {5BBCB345-DB46-40F9-AD90-8A7A1D158912}
		{6B4925EF-065B-4B8F-854D-81CE1652BA98} = {CAE12091-D1EB-466F-9D8C-B402B8269200}
		{5DF38B3B-5F02-46FC-AC16-E11FC1B5CA63} = {6B4925EF-065B-4B8F-854D-81CE1652BA98}
		{C38B35DC-C065-42C9-B332-BB8E1C5F740D} = {6B4925EF-065B-4B8F-854D-81CE1652BA98}
		{D733EA87-A72C-40FF-B31B-4211BAB74AB6} = {6B4925EF-065B-4B8F-854D-81CE1652BA98}
		{043A5E88-4E5E-4040-A76C-4422AF9BA8EC} = {6B4925EF-065B-4B8F-854D-81CE1652BA98}
		{A95D87DC-440D-4C69-9912-2A1D411CF62F} = {6B4925EF-065B-4B8F-854D-81CE1652BA98}
		{C097537B-2A56-4766-A2AE-212381F5C356} = {CAE12091-D1EB-466F-9D8C-B402B8269200}
		{12F77A62-762E-435F-AA50-1DE81D66E505} = {C097537B-2A56-4766-A2AE-212381F5C356}
		{010496F5-1996-4312-A98D-0C7A7BCC8F9D} = {C097537B-2A56-4766-A2AE-212381F5C356}
		{B2332CCF-EFC7-4B3F-8FA6-41F50DF353E1} = {C097537B-2A56-4766-A2AE-212381F5C356}
		{5FAAAF41-98C3-4826-8298-D80BFB6A9476} = {C097537B-2A56-4766-A2AE-212381F5C356}
		{E507F77E-0351-41B5-B3EC-C7B49292F975} = {45E537C9-D0FC-402E-A5E2-0FA69FB305FC}
		{EBF3F80D-D5FC-44D5-A7D1-B3322C3F0CB1} = {D8293F1C-3BC2-4CC9-A3D6-0CA3A4680B73}
	EndGlobalSection
	GlobalSection(ExtensibilityGlobals) = postSolution
		SolutionGuid = {E1C46E5E-3305-432A-9B94-89781A74D55E}
	EndGlobalSection
EndGlobal
